
Microsoft Visual Studio Solution File, Format Version 12.00
# Visual Studio Version 16
VisualStudioVersion = 25.0.1703.8
MinimumVisualStudioVersion = 10.0.40219.1
Project("{FAE04EC0-301F-11D3-BF4B-00C04F79EFBC}") = "weatherapi", "weatherapi.csproj", "{9C7B3B9B-E2C6-42B4-819D-40F8BFAB20C4}"
EndProject
Global
	GlobalSection(SolutionConfigurationPlatforms) = preSolution
		Debug|Any CPU = Debug|Any CPU
		Release|Any CPU = Release|Any CPU
	EndGlobalSection
	GlobalSection(ProjectConfigurationPlatforms) = postSolution
		{9C7B3B9B-E2C6-42B4-819D-40F8BFAB20C4}.Debug|Any CPU.ActiveCfg = Debug|Any CPU
		{9C7B3B9B-E2C6-42B4-819D-40F8BFAB20C4}.Debug|Any CPU.Build.0 = Debug|Any CPU
		{9C7B3B9B-E2C6-42B4-819D-40F8BFAB20C4}.Release|Any CPU.ActiveCfg = Release|Any CPU
		{9C7B3B9B-E2C6-42B4-819D-40F8BFAB20C4}.Release|Any CPU.Build.0 = Release|Any CPU
	EndGlobalSection
	GlobalSection(SolutionProperties) = preSolution
		HideSolutionNode = FALSE
	EndGlobalSection
	GlobalSection(ExtensibilityGlobals) = postSolution
		SolutionGuid = {216F0016-7619-4191-8A0F-B9D66C149BF9}
	EndGlobalSection
EndGlobal
